Microsoft Visual Studio Solution File, Format Version 12.00
# Visual Studio Version 17
VisualStudioVersion = 17.5.2.0
MinimumVisualStudioVersion = 10.0.40219.1

Project("{FAE04EC0-301F-11D3-BF4B-00C04F79EFBC}") = "orderSystem", "orderSystem\orderSystem.csproj", "{6F5FC823-8CBD-9E69-7706-38277240FC75}"
EndProject
Global
	GlobalSection(SolutionConfigurationPlatforms) = preSolution
		Debug|Any CPU = Debug|Any CPU
		Release|Any CPU = Release|Any CPU
	EndGlobalSection
	GlobalSection(ProjectConfigurationPlatforms) = postSolution
		{6F5FC823-8CBD-9E69-7706-38277240FC75}.Debug|Any CPU.ActiveCfg = Debug|Any CPU
		{6F5FC823-8CBD-9E69-7706-38277240FC75}.Debug|Any CPU.Build.0 = Debug|Any CPU
		{6F5FC823-8CBD-9E69-7706-38277240FC75}.Release|Any CPU.ActiveCfg = Release|Any CPU
		{6F5FC823-8CBD-9E69-7706-38277240FC75}.Release|Any CPU.Build.0 = Release|Any CPU
	EndGlobalSection
	GlobalSection(SolutionProperties) = preSolution
		HideSolutionNode = FALSE
	EndGlobalSection
	GlobalSection(NestedProjects) = preSolution
		{B3C1AF01-DDB0-BDB7-53BD-96309B39E993} = {B36A84DF-456D-A817-6EDD-3EC3E7F6E11F}
		{6F5FC823-8CBD-9E69-7706-38277240FC75} = {B3C1AF01-DDB0-BDB7-53BD-96309B39E993}
	EndGlobalSection
	GlobalSection(ExtensibilityGlobals) = postSolution
		SolutionGuid = {BC8AD228-1CBC-452A-B50E-645EA98BC1E8}
	EndGlobalSection
EndGlobal
